
Microsoft Visual Studio Solution File, Format Version 12.00
# Visual Studio Version 17
VisualStudioVersion = 17.11.35208.52
MinimumVisualStudioVersion = 10.0.40219.1
Project("{FAE04EC0-301F-11D3-BF4B-00C04F79EFBC}") = "ecommerceNasdak", "ecommerceNasdak\ecommerceNasdak.csproj", "{756CC231-59DE-46B5-9DB0-7578122EBC58}"
EndProject
Global
	GlobalSection(SolutionConfigurationPlatforms) = preSolution
		Debug|Any CPU = Debug|Any CPU
		Release|Any CPU = Release|Any CPU
	EndGlobalSection
	GlobalSection(ProjectConfigurationPlatforms) = postSolution
		{756CC231-59DE-46B5-9DB0-7578122EBC58}.Debug|Any CPU.ActiveCfg = Debug|Any CPU
		{756CC231-59DE-46B5-9DB0-7578122EBC58}.Debug|Any CPU.Build.0 = Debug|Any CPU
		{756CC231-59DE-46B5-9DB0-7578122EBC58}.Release|Any CPU.ActiveCfg = Release|Any CPU
		{756CC231-59DE-46B5-9DB0-7578122EBC58}.Release|Any CPU.Build.0 = Release|Any CPU
	EndGlobalSection
	GlobalSection(SolutionProperties) = preSolution
		HideSolutionNode = FALSE
	EndGlobalSection
	GlobalSection(ExtensibilityGlobals) = postSolution
		SolutionGuid = {5ACABEDA-EC83-4EBC-B952-4B049D16F6F2}
	EndGlobalSection
EndGlobal
